
Microsoft Visual Studio Solution File, Format Version 12.00
Project("{FAE04EC0-301F-11D3-BF4B-00C04F79EFBC}") = "processtecTest", "processtecTest\processtecTest.csproj", "{76467AA6-CD1E-4307-8EB9-77429B9625E8}"
EndProject
Global
	GlobalSection(SolutionConfigurationPlatforms) = preSolution
		Debug|Any CPU = Debug|Any CPU
		Release|Any CPU = Release|Any CPU
	EndGlobalSection
	GlobalSection(ProjectConfigurationPlatforms) = postSolution
		{76467AA6-CD1E-4307-8EB9-77429B9625E8}.Debug|Any CPU.ActiveCfg = Debug|Any CPU
		{76467AA6-CD1E-4307-8EB9-77429B9625E8}.Debug|Any CPU.Build.0 = Debug|Any CPU
		{76467AA6-CD1E-4307-8EB9-77429B9625E8}.Release|Any CPU.ActiveCfg = Release|Any CPU
		{76467AA6-CD1E-4307-8EB9-77429B9625E8}.Release|Any CPU.Build.0 = Release|Any CPU
	EndGlobalSection
EndGlobal
